
Microsoft Visual Studio Solution File, Format Version 12.00
# Visual Studio 2012
Project("{FAE04EC0-301F-11D3-BF4B-00C04F79EFBC}") = "Jayson", "Jayson\Jayson.csproj", "{9761DE6F-AE04-4851-853C-B7B3BFEF0096}"
EndProject
Project("{FAE04EC0-301F-11D3-BF4B-00C04F79EFBC}") = "Jayson.Tests", "Jayson.Tests\Jayson.Tests.csproj", "{06BD47FA-5D27-4C1F-B821-400AA7142F22}"
EndProject
Project("{FAE04EC0-301F-11D3-BF4B-00C04F79EFBC}") = "Jayson.ConsoleTest", "Jayson.ConsoleTest\Jayson.ConsoleTest.csproj", "{86AD847E-FFB4-4F58-947F-4768D4F8FAC4}"
EndProject
Global
	GlobalSection(SolutionConfigurationPlatforms) = preSolution
		Debug|Any CPU = Debug|Any CPU
		Release|Any CPU = Release|Any CPU
	EndGlobalSection
	GlobalSection(ProjectConfigurationPlatforms) = postSolution
		{06BD47FA-5D27-4C1F-B821-400AA7142F22}.Debug|Any CPU.ActiveCfg = Debug|Any CPU
		{06BD47FA-5D27-4C1F-B821-400AA7142F22}.Debug|Any CPU.Build.0 = Debug|Any CPU
		{06BD47FA-5D27-4C1F-B821-400AA7142F22}.Release|Any CPU.ActiveCfg = Release|Any CPU
		{06BD47FA-5D27-4C1F-B821-400AA7142F22}.Release|Any CPU.Build.0 = Release|Any CPU
		{86AD847E-FFB4-4F58-947F-4768D4F8FAC4}.Debug|Any CPU.ActiveCfg = Debug|Any CPU
		{86AD847E-FFB4-4F58-947F-4768D4F8FAC4}.Debug|Any CPU.Build.0 = Debug|Any CPU
		{86AD847E-FFB4-4F58-947F-4768D4F8FAC4}.Release|Any CPU.ActiveCfg = Release|Any CPU
		{86AD847E-FFB4-4F58-947F-4768D4F8FAC4}.Release|Any CPU.Build.0 = Release|Any CPU
		{9761DE6F-AE04-4851-853C-B7B3BFEF0096}.Debug|Any CPU.ActiveCfg = Debug|Any CPU
		{9761DE6F-AE04-4851-853C-B7B3BFEF0096}.Debug|Any CPU.Build.0 = Debug|Any CPU
		{9761DE6F-AE04-4851-853C-B7B3BFEF0096}.Release|Any CPU.ActiveCfg = Release|Any CPU
		{9761DE6F-AE04-4851-853C-B7B3BFEF0096}.Release|Any CPU.Build.0 = Release|Any CPU
	EndGlobalSection
	GlobalSection(MonoDevelopProperties) = preSolution
		StartupItem = Jayson.ConsoleTest\Jayson.ConsoleTest.csproj
	EndGlobalSection
EndGlobal
