
Microsoft Visual Studio Solution File, Format Version 12.00
# Visual Studio 2012
Project("{FAE04EC0-301F-11D3-BF4B-00C04F79EFBC}") = "Sweet.Jayson", "Sweet.Jayson\Sweet.Jayson.csproj", "{9761DE6F-AE04-4851-853C-B7B3BFEF0096}"
EndProject
Project("{FAE04EC0-301F-11D3-BF4B-00C04F79EFBC}") = "Sweet.Jayson.Tests", "Sweet.Jayson.Tests\Sweet.Jayson.Tests.csproj", "{06BD47FA-5D27-4C1F-B821-400AA7142F22}"
EndProject
Project("{FAE04EC0-301F-11D3-BF4B-00C04F79EFBC}") = "Sweet.Jayson.ConsoleTest", "Sweet.Jayson.ConsoleTest\Sweet.Jayson.ConsoleTest.csproj", "{86AD847E-FFB4-4F58-947F-4768D4F8FAC4}"
EndProject
Global
	GlobalSection(SolutionConfigurationPlatforms) = preSolution
		Debug|Any CPU = Debug|Any CPU
		Release|Any CPU = Release|Any CPU
	EndGlobalSection
	GlobalSection(ProjectConfigurationPlatforms) = postSolution
		{06BD47FA-5D27-4C1F-B821-400AA7142F22}.Debug|Any CPU.ActiveCfg = Debug|Any CPU
		{06BD47FA-5D27-4C1F-B821-400AA7142F22}.Debug|Any CPU.Build.0 = Debug|Any CPU
		{06BD47FA-5D27-4C1F-B821-400AA7142F22}.Release|Any CPU.ActiveCfg = Release|Any CPU
		{06BD47FA-5D27-4C1F-B821-400AA7142F22}.Release|Any CPU.Build.0 = Release|Any CPU
		{86AD847E-FFB4-4F58-947F-4768D4F8FAC4}.Debug|Any CPU.ActiveCfg = Debug|Any CPU
		{86AD847E-FFB4-4F58-947F-4768D4F8FAC4}.Debug|Any CPU.Build.0 = Debug|Any CPU
		{86AD847E-FFB4-4F58-947F-4768D4F8FAC4}.Release|Any CPU.ActiveCfg = Release|Any CPU
		{86AD847E-FFB4-4F58-947F-4768D4F8FAC4}.Release|Any CPU.Build.0 = Release|Any CPU
		{9761DE6F-AE04-4851-853C-B7B3BFEF0096}.Debug|Any CPU.ActiveCfg = Debug|Any CPU
		{9761DE6F-AE04-4851-853C-B7B3BFEF0096}.Debug|Any CPU.Build.0 = Debug|Any CPU
		{9761DE6F-AE04-4851-853C-B7B3BFEF0096}.Release|Any CPU.ActiveCfg = Release|Any CPU
		{9761DE6F-AE04-4851-853C-B7B3BFEF0096}.Release|Any CPU.Build.0 = Release|Any CPU
	EndGlobalSection
	GlobalSection(MonoDevelopProperties) = preSolution
		Policies = $0
		$0.TextStylePolicy = $1
		$1.FileWidth = 120
		$1.NoTabsAfterNonTabs = True
		$1.inheritsSet = VisualStudio
		$1.inheritsScope = text/plain
		$1.scope = text/x-csharp
		$0.CSharpFormattingPolicy = $2
		$2.IndentSwitchBody = True
		$2.IndentBlocksInsideExpressions = True
		$2.AlignEmbeddedStatements = False
		$2.StatementBraceStyle = NextLine
		$2.BeforeMethodDeclarationParentheses = False
		$2.BeforeMethodCallParentheses = False
		$2.BeforeConstructorDeclarationParentheses = False
		$2.BeforeIndexerDeclarationBracket = False
		$2.BeforeDelegateDeclarationParentheses = False
		$2.AfterDelegateDeclarationParameterComma = True
		$2.NewParentheses = False
		$2.CatchParentheses = False
		$2.LockParentheses = False
		$2.SpacesBeforeBrackets = False
		$2.inheritsSet = Mono
		$2.inheritsScope = text/x-csharp
		$2.scope = text/x-csharp
		StartupItem = Sweet.Jayson.ConsoleTest\Sweet.Jayson.ConsoleTest.csproj
	EndGlobalSection
EndGlobal
